
Microsoft Visual Studio Solution File, Format Version 12.00
# Visual Studio Version 17
VisualStudioVersion = 17.3.32804.467
MinimumVisualStudioVersion = 10.0.40219.1
Project("{9A19103F-16F7-4668-BE54-9A1E7A4F7556}") = "Salvation.Core", "Salvation.Core\Salvation.Core.csproj", "{466FD7C0-826C-4728-8C1F-6B703026AD15}"
EndProject
Project("{9A19103F-16F7-4668-BE54-9A1E7A4F7556}") = "Salvation.CoreTests", "Salvation.CoreTests\Salvation.CoreTests.csproj", "{8DD46C6B-62E8-4281-807F-9A9F9B445C55}"
EndProject
Project("{9A19103F-16F7-4668-BE54-9A1E7A4F7556}") = "Salvation.Explorer", "Salvation.Explorer\Salvation.Explorer.csproj", "{AABA3603-3202-42F9-A01D-F2C1E9FA3301}"
EndProject
Project("{9A19103F-16F7-4668-BE54-9A1E7A4F7556}") = "Salvation.Utility", "Salvation.Utility\Salvation.Utility.csproj", "{D245896D-7591-40BC-8BBD-F3192EA711E2}"
EndProject
Project("{9A19103F-16F7-4668-BE54-9A1E7A4F7556}") = "Salvation.Api", "Salvation.Api\Salvation.Api.csproj", "{FB988FD4-8874-406F-9738-883B791C293A}"
EndProject
Project("{9A19103F-16F7-4668-BE54-9A1E7A4F7556}") = "Salvation.Client", "Salvation.Client\Salvation.Client.csproj", "{E71A76D2-7080-4B09-9178-65C13521E30F}"
EndProject
Global
	GlobalSection(SolutionConfigurationPlatforms) = preSolution
		Debug|Any CPU = Debug|Any CPU
		Release|Any CPU = Release|Any CPU
	EndGlobalSection
	GlobalSection(ProjectConfigurationPlatforms) = postSolution
		{466FD7C0-826C-4728-8C1F-6B703026AD15}.Debug|Any CPU.ActiveCfg = Debug|Any CPU
		{466FD7C0-826C-4728-8C1F-6B703026AD15}.Debug|Any CPU.Build.0 = Debug|Any CPU
		{466FD7C0-826C-4728-8C1F-6B703026AD15}.Release|Any CPU.ActiveCfg = Release|Any CPU
		{466FD7C0-826C-4728-8C1F-6B703026AD15}.Release|Any CPU.Build.0 = Release|Any CPU
		{8DD46C6B-62E8-4281-807F-9A9F9B445C55}.Debug|Any CPU.ActiveCfg = Debug|Any CPU
		{8DD46C6B-62E8-4281-807F-9A9F9B445C55}.Debug|Any CPU.Build.0 = Debug|Any CPU
		{8DD46C6B-62E8-4281-807F-9A9F9B445C55}.Release|Any CPU.ActiveCfg = Release|Any CPU
		{8DD46C6B-62E8-4281-807F-9A9F9B445C55}.Release|Any CPU.Build.0 = Release|Any CPU
		{AABA3603-3202-42F9-A01D-F2C1E9FA3301}.Debug|Any CPU.ActiveCfg = Debug|Any CPU
		{AABA3603-3202-42F9-A01D-F2C1E9FA3301}.Debug|Any CPU.Build.0 = Debug|Any CPU
		{AABA3603-3202-42F9-A01D-F2C1E9FA3301}.Release|Any CPU.ActiveCfg = Release|Any CPU
		{AABA3603-3202-42F9-A01D-F2C1E9FA3301}.Release|Any CPU.Build.0 = Release|Any CPU
		{D245896D-7591-40BC-8BBD-F3192EA711E2}.Debug|Any CPU.ActiveCfg = Debug|Any CPU
		{D245896D-7591-40BC-8BBD-F3192EA711E2}.Debug|Any CPU.Build.0 = Debug|Any CPU
		{D245896D-7591-40BC-8BBD-F3192EA711E2}.Release|Any CPU.ActiveCfg = Release|Any CPU
		{D245896D-7591-40BC-8BBD-F3192EA711E2}.Release|Any CPU.Build.0 = Release|Any CPU
		{FB988FD4-8874-406F-9738-883B791C293A}.Debug|Any CPU.ActiveCfg = Debug|Any CPU
		{FB988FD4-8874-406F-9738-883B791C293A}.Debug|Any CPU.Build.0 = Debug|Any CPU
		{FB988FD4-8874-406F-9738-883B791C293A}.Release|Any CPU.ActiveCfg = Release|Any CPU
		{FB988FD4-8874-406F-9738-883B791C293A}.Release|Any CPU.Build.0 = Release|Any CPU
		{E71A76D2-7080-4B09-9178-65C13521E30F}.Debug|Any CPU.ActiveCfg = Debug|Any CPU
		{E71A76D2-7080-4B09-9178-65C13521E30F}.Debug|Any CPU.Build.0 = Debug|Any CPU
		{E71A76D2-7080-4B09-9178-65C13521E30F}.Release|Any CPU.ActiveCfg = Release|Any CPU
		{E71A76D2-7080-4B09-9178-65C13521E30F}.Release|Any CPU.Build.0 = Release|Any CPU
	EndGlobalSection
	GlobalSection(SolutionProperties) = preSolution
		HideSolutionNode = FALSE
	EndGlobalSection
	GlobalSection(ExtensibilityGlobals) = postSolution
		SolutionGuid = {E6E6D7D3-58CD-4BB0-8708-C04393377482}
	EndGlobalSection
EndGlobal
